
Microsoft Visual Studio Solution File, Format Version 12.00
# Visual Studio Version 16
VisualStudioVersion = 16.0.32802.440
MinimumVisualStudioVersion = 10.0.40219.1
Project("{FAE04EC0-301F-11D3-BF4B-00C04F79EFBC}") = "loginProject", "loginProject\loginProject.csproj", "{000DB3FB-6E76-4E3C-B4C7-35CE3CE3E2BB}"
EndProject
Global
	GlobalSection(SolutionConfigurationPlatforms) = preSolution
		Debug|Any CPU = Debug|Any CPU
		Release|Any CPU = Release|Any CPU
	EndGlobalSection
	GlobalSection(ProjectConfigurationPlatforms) = postSolution
		{000DB3FB-6E76-4E3C-B4C7-35CE3CE3E2BB}.Debug|Any CPU.ActiveCfg = Debug|Any CPU
		{000DB3FB-6E76-4E3C-B4C7-35CE3CE3E2BB}.Debug|Any CPU.Build.0 = Debug|Any CPU
		{000DB3FB-6E76-4E3C-B4C7-35CE3CE3E2BB}.Release|Any CPU.ActiveCfg = Release|Any CPU
		{000DB3FB-6E76-4E3C-B4C7-35CE3CE3E2BB}.Release|Any CPU.Build.0 = Release|Any CPU
	EndGlobalSection
	GlobalSection(SolutionProperties) = preSolution
		HideSolutionNode = FALSE
	EndGlobalSection
	GlobalSection(ExtensibilityGlobals) = postSolution
		SolutionGuid = {556F59A4-8FBB-4AD8-8A99-AA48ADA89458}
	EndGlobalSection
EndGlobal
